
Microsoft Visual Studio Solution File, Format Version 12.00
# Visual Studio Version 17
VisualStudioVersion = 17.3.32819.101
MinimumVisualStudioVersion = 10.0.40219.1
Project("{FAE04EC0-301F-11D3-BF4B-00C04F79EFBC}") = "ConsoleAppVoorbeeld", "ConsoleAppVoorbeeld\ConsoleAppVoorbeeld.csproj", "{136BD6F5-0E1E-4EC2-A4D9-EA9FAF0EFCC7}"
EndProject
Global
	GlobalSection(SolutionConfigurationPlatforms) = preSolution
		Debug|Any CPU = Debug|Any CPU
		Release|Any CPU = Release|Any CPU
	EndGlobalSection
	GlobalSection(ProjectConfigurationPlatforms) = postSolution
		{136BD6F5-0E1E-4EC2-A4D9-EA9FAF0EFCC7}.Debug|Any CPU.ActiveCfg = Debug|Any CPU
		{136BD6F5-0E1E-4EC2-A4D9-EA9FAF0EFCC7}.Debug|Any CPU.Build.0 = Debug|Any CPU
		{136BD6F5-0E1E-4EC2-A4D9-EA9FAF0EFCC7}.Release|Any CPU.ActiveCfg = Release|Any CPU
		{136BD6F5-0E1E-4EC2-A4D9-EA9FAF0EFCC7}.Release|Any CPU.Build.0 = Release|Any CPU
	EndGlobalSection
	GlobalSection(SolutionProperties) = preSolution
		HideSolutionNode = FALSE
	EndGlobalSection
	GlobalSection(ExtensibilityGlobals) = postSolution
		SolutionGuid = {4414F60A-2E70-4779-8ACB-23778819B44B}
	EndGlobalSection
EndGlobal
