
Microsoft Visual Studio Solution File, Format Version 12.00
# Visual Studio Version 17
VisualStudioVersion = 17.3.32819.101
MinimumVisualStudioVersion = 10.0.40219.1
Project("{FAE04EC0-301F-11D3-BF4B-00C04F79EFBC}") = "WindowsFormsAppHeightCalculator", "WindowsFormsAppHeightCalculator\WindowsFormsAppHeightCalculator.csproj", "{38EDC09B-E39B-4A4D-AECD-0E2A2200A428}"
EndProject
Global
	GlobalSection(SolutionConfigurationPlatforms) = preSolution
		Debug|Any CPU = Debug|Any CPU
		Release|Any CPU = Release|Any CPU
	EndGlobalSection
	GlobalSection(ProjectConfigurationPlatforms) = postSolution
		{38EDC09B-E39B-4A4D-AECD-0E2A2200A428}.Debug|Any CPU.ActiveCfg = Debug|Any CPU
		{38EDC09B-E39B-4A4D-AECD-0E2A2200A428}.Debug|Any CPU.Build.0 = Debug|Any CPU
		{38EDC09B-E39B-4A4D-AECD-0E2A2200A428}.Release|Any CPU.ActiveCfg = Release|Any CPU
		{38EDC09B-E39B-4A4D-AECD-0E2A2200A428}.Release|Any CPU.Build.0 = Release|Any CPU
	EndGlobalSection
	GlobalSection(SolutionProperties) = preSolution
		HideSolutionNode = FALSE
	EndGlobalSection
	GlobalSection(ExtensibilityGlobals) = postSolution
		SolutionGuid = {AD637053-B5BD-4C7D-896B-3D756BC16AB3}
	EndGlobalSection
EndGlobal
