
Microsoft Visual Studio Solution File, Format Version 12.00
# Visual Studio Version 17
VisualStudioVersion = 17.3.32819.101
MinimumVisualStudioVersion = 10.0.40219.1
Project("{FAE04EC0-301F-11D3-BF4B-00C04F79EFBC}") = "WindowsFormsAppSimpleCalculator", "WindowsFormsAppSimpleCalculator\WindowsFormsAppSimpleCalculator.csproj", "{A64D2370-FDAE-4DB5-BB30-A302A4DA1C5A}"
EndProject
Global
	GlobalSection(SolutionConfigurationPlatforms) = preSolution
		Debug|Any CPU = Debug|Any CPU
		Release|Any CPU = Release|Any CPU
	EndGlobalSection
	GlobalSection(ProjectConfigurationPlatforms) = postSolution
		{A64D2370-FDAE-4DB5-BB30-A302A4DA1C5A}.Debug|Any CPU.ActiveCfg = Debug|Any CPU
		{A64D2370-FDAE-4DB5-BB30-A302A4DA1C5A}.Debug|Any CPU.Build.0 = Debug|Any CPU
		{A64D2370-FDAE-4DB5-BB30-A302A4DA1C5A}.Release|Any CPU.ActiveCfg = Release|Any CPU
		{A64D2370-FDAE-4DB5-BB30-A302A4DA1C5A}.Release|Any CPU.Build.0 = Release|Any CPU
	EndGlobalSection
	GlobalSection(SolutionProperties) = preSolution
		HideSolutionNode = FALSE
	EndGlobalSection
	GlobalSection(ExtensibilityGlobals) = postSolution
		SolutionGuid = {F38AE8B5-EC81-47B2-A994-23E66A1FC8B9}
	EndGlobalSection
EndGlobal
