
Microsoft Visual Studio Solution File, Format Version 12.00
# Visual Studio Version 17
VisualStudioVersion = 17.3.32819.101
MinimumVisualStudioVersion = 10.0.40219.1
Project("{FAE04EC0-301F-11D3-BF4B-00C04F79EFBC}") = "WindowsFormsAppTelevisie_v2", "WindowsFormsAppTelevisie_v2\WindowsFormsAppTelevisie_v2.csproj", "{FD19EF8D-49B4-416B-A193-858CD92AFA74}"
EndProject
Global
	GlobalSection(SolutionConfigurationPlatforms) = preSolution
		Debug|Any CPU = Debug|Any CPU
		Release|Any CPU = Release|Any CPU
	EndGlobalSection
	GlobalSection(ProjectConfigurationPlatforms) = postSolution
		{FD19EF8D-49B4-416B-A193-858CD92AFA74}.Debug|Any CPU.ActiveCfg = Debug|Any CPU
		{FD19EF8D-49B4-416B-A193-858CD92AFA74}.Debug|Any CPU.Build.0 = Debug|Any CPU
		{FD19EF8D-49B4-416B-A193-858CD92AFA74}.Release|Any CPU.ActiveCfg = Release|Any CPU
		{FD19EF8D-49B4-416B-A193-858CD92AFA74}.Release|Any CPU.Build.0 = Release|Any CPU
	EndGlobalSection
	GlobalSection(SolutionProperties) = preSolution
		HideSolutionNode = FALSE
	EndGlobalSection
	GlobalSection(ExtensibilityGlobals) = postSolution
		SolutionGuid = {40AFB95F-A844-4CDD-B79B-941C07AE07BB}
	EndGlobalSection
EndGlobal
