
Microsoft Visual Studio Solution File, Format Version 12.00
# Visual Studio Version 17
VisualStudioVersion = 17.4.33122.133
MinimumVisualStudioVersion = 10.0.40219.1
Project("{FAE04EC0-301F-11D3-BF4B-00C04F79EFBC}") = "WindowsFormsAppTeam", "WindowsFormsAppTeam\WindowsFormsAppTeam.csproj", "{59FCC8E7-F852-474D-AB56-E3C9A354A7D3}"
EndProject
Project("{FAE04EC0-301F-11D3-BF4B-00C04F79EFBC}") = "TeamUnitTest", "TeamUnitTest\TeamUnitTest.csproj", "{23372BE7-1747-45DF-A060-53481BBCDBBC}"
EndProject
Global
	GlobalSection(SolutionConfigurationPlatforms) = preSolution
		Debug|Any CPU = Debug|Any CPU
		Release|Any CPU = Release|Any CPU
	EndGlobalSection
	GlobalSection(ProjectConfigurationPlatforms) = postSolution
		{59FCC8E7-F852-474D-AB56-E3C9A354A7D3}.Debug|Any CPU.ActiveCfg = Debug|Any CPU
		{59FCC8E7-F852-474D-AB56-E3C9A354A7D3}.Debug|Any CPU.Build.0 = Debug|Any CPU
		{59FCC8E7-F852-474D-AB56-E3C9A354A7D3}.Release|Any CPU.ActiveCfg = Release|Any CPU
		{59FCC8E7-F852-474D-AB56-E3C9A354A7D3}.Release|Any CPU.Build.0 = Release|Any CPU
		{23372BE7-1747-45DF-A060-53481BBCDBBC}.Debug|Any CPU.ActiveCfg = Debug|Any CPU
		{23372BE7-1747-45DF-A060-53481BBCDBBC}.Debug|Any CPU.Build.0 = Debug|Any CPU
		{23372BE7-1747-45DF-A060-53481BBCDBBC}.Release|Any CPU.ActiveCfg = Release|Any CPU
		{23372BE7-1747-45DF-A060-53481BBCDBBC}.Release|Any CPU.Build.0 = Release|Any CPU
	EndGlobalSection
	GlobalSection(SolutionProperties) = preSolution
		HideSolutionNode = FALSE
	EndGlobalSection
	GlobalSection(ExtensibilityGlobals) = postSolution
		SolutionGuid = {2326A1FA-FF9F-467A-AF30-5A7F82D0782B}
	EndGlobalSection
EndGlobal
