
Microsoft Visual Studio Solution File, Format Version 12.00
# Visual Studio Version 17
VisualStudioVersion = 17.3.32819.101
MinimumVisualStudioVersion = 10.0.40219.1
Project("{FAE04EC0-301F-11D3-BF4B-00C04F79EFBC}") = "WindowsFormsAppWedstrijd", "WindowsFormsAppWedstrijd\WindowsFormsAppWedstrijd.csproj", "{4E6B2E43-8BD4-40D4-855A-0CF92CDDDBC2}"
EndProject
Global
	GlobalSection(SolutionConfigurationPlatforms) = preSolution
		Debug|Any CPU = Debug|Any CPU
		Release|Any CPU = Release|Any CPU
	EndGlobalSection
	GlobalSection(ProjectConfigurationPlatforms) = postSolution
		{4E6B2E43-8BD4-40D4-855A-0CF92CDDDBC2}.Debug|Any CPU.ActiveCfg = Debug|Any CPU
		{4E6B2E43-8BD4-40D4-855A-0CF92CDDDBC2}.Debug|Any CPU.Build.0 = Debug|Any CPU
		{4E6B2E43-8BD4-40D4-855A-0CF92CDDDBC2}.Release|Any CPU.ActiveCfg = Release|Any CPU
		{4E6B2E43-8BD4-40D4-855A-0CF92CDDDBC2}.Release|Any CPU.Build.0 = Release|Any CPU
	EndGlobalSection
	GlobalSection(SolutionProperties) = preSolution
		HideSolutionNode = FALSE
	EndGlobalSection
	GlobalSection(ExtensibilityGlobals) = postSolution
		SolutionGuid = {BD89F2AC-B6DB-460D-B516-08051F5FADF7}
	EndGlobalSection
EndGlobal
